
Microsoft Visual Studio Solution File, Format Version 12.00
# Visual Studio 15
VisualStudioVersion = 15.0.28307.645
MinimumVisualStudioVersion = 10.0.40219.1
Project("{9A19103F-16F7-4668-BE54-9A1E7A4F7556}") = "SimplyCalculator_v2", "SimplyCalculator_v2\SimplyCalculator_v2.csproj", "{C6FE3667-4196-46D2-A44E-22167B6A480F}"
EndProject
Project("{FAE04EC0-301F-11D3-BF4B-00C04F79EFBC}") = "SimpleCalculatorTests", "SimpleCalculatorTests\SimpleCalculatorTests.csproj", "{540AD78A-5EC5-4694-8B7B-F56EA06E065C}"
EndProject
Global
	GlobalSection(SolutionConfigurationPlatforms) = preSolution
		Debug|Any CPU = Debug|Any CPU
		Release|Any CPU = Release|Any CPU
	EndGlobalSection
	GlobalSection(ProjectConfigurationPlatforms) = postSolution
		{C6FE3667-4196-46D2-A44E-22167B6A480F}.Debug|Any CPU.ActiveCfg = Debug|Any CPU
		{C6FE3667-4196-46D2-A44E-22167B6A480F}.Debug|Any CPU.Build.0 = Debug|Any CPU
		{C6FE3667-4196-46D2-A44E-22167B6A480F}.Release|Any CPU.ActiveCfg = Release|Any CPU
		{C6FE3667-4196-46D2-A44E-22167B6A480F}.Release|Any CPU.Build.0 = Release|Any CPU
		{540AD78A-5EC5-4694-8B7B-F56EA06E065C}.Debug|Any CPU.ActiveCfg = Debug|Any CPU
		{540AD78A-5EC5-4694-8B7B-F56EA06E065C}.Debug|Any CPU.Build.0 = Debug|Any CPU
		{540AD78A-5EC5-4694-8B7B-F56EA06E065C}.Release|Any CPU.ActiveCfg = Release|Any CPU
		{540AD78A-5EC5-4694-8B7B-F56EA06E065C}.Release|Any CPU.Build.0 = Release|Any CPU
	EndGlobalSection
	GlobalSection(SolutionProperties) = preSolution
		HideSolutionNode = FALSE
	EndGlobalSection
	GlobalSection(ExtensibilityGlobals) = postSolution
		SolutionGuid = {518379E5-BAE3-4D82-8274-61E3FA235B6C}
	EndGlobalSection
EndGlobal
